
Microsoft Visual Studio Solution File, Format Version 12.00
Project("{FAE04EC0-301F-11D3-BF4B-00C04F79EFBC}") = "FourInARow", "FourInARow\FourInARow.csproj", "{7950FEBE-2CFA-4E08-9373-166E11EF8EC5}"
EndProject
Global
	GlobalSection(SolutionConfigurationPlatforms) = preSolution
		Debug|Any CPU = Debug|Any CPU
		Release|Any CPU = Release|Any CPU
	EndGlobalSection
	GlobalSection(ProjectConfigurationPlatforms) = postSolution
		{7950FEBE-2CFA-4E08-9373-166E11EF8EC5}.Debug|Any CPU.ActiveCfg = Debug|Any CPU
		{7950FEBE-2CFA-4E08-9373-166E11EF8EC5}.Debug|Any CPU.Build.0 = Debug|Any CPU
		{7950FEBE-2CFA-4E08-9373-166E11EF8EC5}.Release|Any CPU.ActiveCfg = Release|Any CPU
		{7950FEBE-2CFA-4E08-9373-166E11EF8EC5}.Release|Any CPU.Build.0 = Release|Any CPU
	EndGlobalSection
EndGlobal
